
Microsoft Visual Studio Solution File, Format Version 12.00
# Visual Studio Version 17
VisualStudioVersion = 17.7.34031.279
MinimumVisualStudioVersion = 10.0.40219.1
Project("{2150E333-8FDC-42A3-9474-1A3956D46DE8}") = "Task0", "Task0", "{D974218E-82D0-4AB1-A247-9DD65749136D}"
EndProject
Project("{FAE04EC0-301F-11D3-BF4B-00C04F79EFBC}") = "Tyuiu.PomazDS.Sprint3.Task0.V18", "Tyuiu.PomazDS.Sprint3.Task0.V18\Tyuiu.PomazDS.Sprint3.Task0.V18.csproj", "{9FFC9C3D-5803-43D5-8D90-BE8AF97B061B}"
EndProject
Project("{FAE04EC0-301F-11D3-BF4B-00C04F79EFBC}") = "Tyuiu.PomazDS.Sprint3.Task0.V18.Lib", "Tyuiu.PomazDS.Sprint3.Task0.V18.Lib\Tyuiu.PomazDS.Sprint3.Task0.V18.Lib.csproj", "{61EA8C5E-197C-4FDE-AD1A-75D417FB9839}"
EndProject
Project("{FAE04EC0-301F-11D3-BF4B-00C04F79EFBC}") = "Tyuiu.PomazDS.Sprint3.Task0.V18.Test", "Tyuiu.PomazDS.Sprint3.Task0.V18.Test\Tyuiu.PomazDS.Sprint3.Task0.V18.Test.csproj", "{EA5ADA5C-2129-4209-9DBE-5550710E8A2D}"
EndProject
Project("{2150E333-8FDC-42A3-9474-1A3956D46DE8}") = "Task1", "Task1", "{ABBC1AA0-E1CA-4187-BF19-878D85017A34}"
EndProject
Project("{FAE04EC0-301F-11D3-BF4B-00C04F79EFBC}") = "Tyuiu.PomazDS.Sprint3.Task1.V1", "Tyuiu.PomazDS.Sprint3.Task1.V1\Tyuiu.PomazDS.Sprint3.Task1.V1.csproj", "{88FEDD8F-A2FD-4249-9BAE-8C1B2C819EBB}"
EndProject
Project("{FAE04EC0-301F-11D3-BF4B-00C04F79EFBC}") = "Tyuiu.PomazDS.Sprint3.Task1.V1.Test", "Tyuiu.PomazDS.Sprint3.Task1.V1.Test\Tyuiu.PomazDS.Sprint3.Task1.V1.Test.csproj", "{1A513E49-33A4-4A0F-B58B-135A9A00D3F5}"
EndProject
Project("{FAE04EC0-301F-11D3-BF4B-00C04F79EFBC}") = "Tyuiu.PomazDS.Sprint3.Task1.V1.Lib", "Tyuiu.PomazDS.Sprint3.Task1.V1.Lib\Tyuiu.PomazDS.Sprint3.Task1.V1.Lib.csproj", "{363DC3C4-88AC-4F4D-B007-649068B21C3D}"
EndProject
Project("{2150E333-8FDC-42A3-9474-1A3956D46DE8}") = "Task2", "Task2", "{D4874E45-785C-4943-B947-434002972037}"
EndProject
Project("{FAE04EC0-301F-11D3-BF4B-00C04F79EFBC}") = "Tyuiu.PomazDS.Sprint3.Task2.V15", "Tyuiu.PomazDS.Sprint3.Task2.V15\Tyuiu.PomazDS.Sprint3.Task2.V15.csproj", "{78E98845-4315-4AC5-BA5C-C88A42284143}"
EndProject
Project("{FAE04EC0-301F-11D3-BF4B-00C04F79EFBC}") = "Tyuiu.PomazDS.Sprint3.Task2.V15.Lib", "Tyuiu.PomazDS.Sprint3.Task2.V15.Lib\Tyuiu.PomazDS.Sprint3.Task2.V15.Lib.csproj", "{E4889288-301A-4024-8FFC-5A94F2E48DB7}"
EndProject
Project("{FAE04EC0-301F-11D3-BF4B-00C04F79EFBC}") = "Tyuiu.PomazDS.Sprint3.Task2.V15.Test", "Tyuiu.PomazDS.Sprint3.Task2.V15.Test\Tyuiu.PomazDS.Sprint3.Task2.V15.Test.csproj", "{2FD932F4-FB09-4FBA-915A-971F5B40F3A0}"
EndProject
Project("{2150E333-8FDC-42A3-9474-1A3956D46DE8}") = "Task3", "Task3", "{0E9A52AB-B8E0-4815-8326-D9D19FD1665B}"
EndProject
Project("{FAE04EC0-301F-11D3-BF4B-00C04F79EFBC}") = "Tyuiu.PomazDS.Sprint3.Task3.V9", "Tyuiu.PomazDS.Sprint3.Task3.V9\Tyuiu.PomazDS.Sprint3.Task3.V9.csproj", "{98042AA1-6D80-4F00-910D-45D9A2FD1207}"
EndProject
Project("{FAE04EC0-301F-11D3-BF4B-00C04F79EFBC}") = "Tyuiu.PomazDS.Sprint3.Task3.V9.Lib", "Tyuiu.PomazDS.Sprint3.Task3.V9.Lib\Tyuiu.PomazDS.Sprint3.Task3.V9.Lib.csproj", "{909F1FD9-4B15-4EA8-836D-E86C0B2E2242}"
EndProject
Project("{FAE04EC0-301F-11D3-BF4B-00C04F79EFBC}") = "Tyuiu.PomazDS.Sprint3.Task3.V9.Test", "Tyuiu.PomazDS.Sprint3.Task3.V9.Test\Tyuiu.PomazDS.Sprint3.Task3.V9.Test.csproj", "{CFAB04D2-C88C-4BCF-88ED-C92EE0020701}"
EndProject
Project("{2150E333-8FDC-42A3-9474-1A3956D46DE8}") = "Task4", "Task4", "{AD461CF6-88BF-4069-9441-8A839E6EECB2}"
EndProject
Project("{FAE04EC0-301F-11D3-BF4B-00C04F79EFBC}") = "Tyuiu.PomazDS.Sprint3.Task4.V13", "Tyuiu.PomazDS.Sprint3.Task4.V13\Tyuiu.PomazDS.Sprint3.Task4.V13.csproj", "{7745C851-42F4-4A6A-8AC1-C4AD0BDE54B9}"
EndProject
Project("{FAE04EC0-301F-11D3-BF4B-00C04F79EFBC}") = "Tyuiu.PomazDS.Sprint3.Task4.V13.Lib", "Tyuiu.PomazDS.Sprint3.Task4.V13.Lib\Tyuiu.PomazDS.Sprint3.Task4.V13.Lib.csproj", "{3CFAF011-D6D7-4B78-A304-81A80DBC7770}"
EndProject
Project("{FAE04EC0-301F-11D3-BF4B-00C04F79EFBC}") = "Tyuiu.PomazDS.Sprint3.Task4.V13.Test", "Tyuiu.PomazDS.Sprint3.Task4.V13.Test\Tyuiu.PomazDS.Sprint3.Task4.V13.Test.csproj", "{F9AEC57B-F3BA-456A-9547-1864FC62D110}"
EndProject
Project("{2150E333-8FDC-42A3-9474-1A3956D46DE8}") = "Task5", "Task5", "{24ACDAFD-7757-49BF-A106-29C2F5216CA2}"
EndProject
Project("{FAE04EC0-301F-11D3-BF4B-00C04F79EFBC}") = "Tyuiu.PomazDS.Sprint3.Task5.V30", "Tyuiu.PomazDS.Sprint3.Task5.V30\Tyuiu.PomazDS.Sprint3.Task5.V30.csproj", "{71CB59FB-20BE-460D-A477-8C540367A12F}"
EndProject
Project("{FAE04EC0-301F-11D3-BF4B-00C04F79EFBC}") = "Tyuiu.PomazDS.Sprint3.Task5.V30.Lib", "Tyuiu.PomazDS.Sprint3.Task5.V30.Lib\Tyuiu.PomazDS.Sprint3.Task5.V30.Lib.csproj", "{1694B772-96BB-473B-9071-BF61BFAD0CD5}"
EndProject
Project("{FAE04EC0-301F-11D3-BF4B-00C04F79EFBC}") = "Tyuiu.PomazDS.Sprint3.Task5.V30.Test", "Tyuiu.PomazDS.Sprint3.Task5.V30.Test\Tyuiu.PomazDS.Sprint3.Task5.V30.Test.csproj", "{C13C3043-1A14-4C66-8522-0DC65158490B}"
EndProject
Project("{2150E333-8FDC-42A3-9474-1A3956D46DE8}") = "Task6", "Task6", "{E57112C9-3AD3-44DC-A431-A50E5363B2CA}"
EndProject
Project("{FAE04EC0-301F-11D3-BF4B-00C04F79EFBC}") = "Tyuiu.PomazDS.Sprint3.Task6.V16", "Tyuiu.PomazDS.Sprint3.Task6.V16\Tyuiu.PomazDS.Sprint3.Task6.V16.csproj", "{26E0F116-0439-4E7D-AA67-8D35F8DF9D6B}"
EndProject
Project("{FAE04EC0-301F-11D3-BF4B-00C04F79EFBC}") = "Tyuiu.PomazDS.Sprint3.Task6.V16.Lib", "Tyuiu.PomazDS.Sprint3.Task6.V16.Lib\Tyuiu.PomazDS.Sprint3.Task6.V16.Lib.csproj", "{CBF3F65C-7D8C-4462-BD82-8A06E52FDEEF}"
EndProject
Project("{FAE04EC0-301F-11D3-BF4B-00C04F79EFBC}") = "Tyuiu.PomazDS.Sprint3.Task6.V16.Test", "Tyuiu.PomazDS.Sprint3.Task6.V16.Test\Tyuiu.PomazDS.Sprint3.Task6.V16.Test.csproj", "{808ECD39-78C8-4959-A356-627D8CF20280}"
EndProject
Project("{2150E333-8FDC-42A3-9474-1A3956D46DE8}") = "Task7", "Task7", "{2B44A560-4A2C-4FB2-8C87-C74EE65229E3}"
EndProject
Project("{FAE04EC0-301F-11D3-BF4B-00C04F79EFBC}") = "Tyuiu.PomazDS.Sprint3.Task7.V18", "Tyuiu.PomazDS.Sprint3.Task7.V18\Tyuiu.PomazDS.Sprint3.Task7.V18.csproj", "{267F03CB-23DC-4C18-9A09-C4869D934DBF}"
EndProject
Project("{FAE04EC0-301F-11D3-BF4B-00C04F79EFBC}") = "Tyuiu.PomazDS.Sprint3.Task7.V18.Lib", "Tyuiu.PomazDS.Sprint3.Task7.V18.Lib\Tyuiu.PomazDS.Sprint3.Task7.V18.Lib.csproj", "{2D851692-29D1-4E98-9B7A-53249E91FB7E}"
EndProject
Project("{FAE04EC0-301F-11D3-BF4B-00C04F79EFBC}") = "Tyuiu.PomazDS.Sprint3.Task7.V18.Test", "Tyuiu.PomazDS.Sprint3.Task7.V18.Test\Tyuiu.PomazDS.Sprint3.Task7.V18.Test.csproj", "{0A8CA212-9AD0-470F-BBBE-125B4956C68C}"
EndProject
Global
	GlobalSection(SolutionConfigurationPlatforms) = preSolution
		Debug|Any CPU = Debug|Any CPU
		Release|Any CPU = Release|Any CPU
	EndGlobalSection
	GlobalSection(ProjectConfigurationPlatforms) = postSolution
		{9FFC9C3D-5803-43D5-8D90-BE8AF97B061B}.Debug|Any CPU.ActiveCfg = Debug|Any CPU
		{9FFC9C3D-5803-43D5-8D90-BE8AF97B061B}.Debug|Any CPU.Build.0 = Debug|Any CPU
		{9FFC9C3D-5803-43D5-8D90-BE8AF97B061B}.Release|Any CPU.ActiveCfg = Release|Any CPU
		{9FFC9C3D-5803-43D5-8D90-BE8AF97B061B}.Release|Any CPU.Build.0 = Release|Any CPU
		{61EA8C5E-197C-4FDE-AD1A-75D417FB9839}.Debug|Any CPU.ActiveCfg = Debug|Any CPU
		{61EA8C5E-197C-4FDE-AD1A-75D417FB9839}.Debug|Any CPU.Build.0 = Debug|Any CPU
		{61EA8C5E-197C-4FDE-AD1A-75D417FB9839}.Release|Any CPU.ActiveCfg = Release|Any CPU
		{61EA8C5E-197C-4FDE-AD1A-75D417FB9839}.Release|Any CPU.Build.0 = Release|Any CPU
		{EA5ADA5C-2129-4209-9DBE-5550710E8A2D}.Debug|Any CPU.ActiveCfg = Debug|Any CPU
		{EA5ADA5C-2129-4209-9DBE-5550710E8A2D}.Debug|Any CPU.Build.0 = Debug|Any CPU
		{EA5ADA5C-2129-4209-9DBE-5550710E8A2D}.Release|Any CPU.ActiveCfg = Release|Any CPU
		{EA5ADA5C-2129-4209-9DBE-5550710E8A2D}.Release|Any CPU.Build.0 = Release|Any CPU
		{88FEDD8F-A2FD-4249-9BAE-8C1B2C819EBB}.Debug|Any CPU.ActiveCfg = Debug|Any CPU
		{88FEDD8F-A2FD-4249-9BAE-8C1B2C819EBB}.Debug|Any CPU.Build.0 = Debug|Any CPU
		{88FEDD8F-A2FD-4249-9BAE-8C1B2C819EBB}.Release|Any CPU.ActiveCfg = Release|Any CPU
		{88FEDD8F-A2FD-4249-9BAE-8C1B2C819EBB}.Release|Any CPU.Build.0 = Release|Any CPU
		{1A513E49-33A4-4A0F-B58B-135A9A00D3F5}.Debug|Any CPU.ActiveCfg = Debug|Any CPU
		{1A513E49-33A4-4A0F-B58B-135A9A00D3F5}.Debug|Any CPU.Build.0 = Debug|Any CPU
		{1A513E49-33A4-4A0F-B58B-135A9A00D3F5}.Release|Any CPU.ActiveCfg = Release|Any CPU
		{1A513E49-33A4-4A0F-B58B-135A9A00D3F5}.Release|Any CPU.Build.0 = Release|Any CPU
		{363DC3C4-88AC-4F4D-B007-649068B21C3D}.Debug|Any CPU.ActiveCfg = Debug|Any CPU
		{363DC3C4-88AC-4F4D-B007-649068B21C3D}.Debug|Any CPU.Build.0 = Debug|Any CPU
		{363DC3C4-88AC-4F4D-B007-649068B21C3D}.Release|Any CPU.ActiveCfg = Release|Any CPU
		{363DC3C4-88AC-4F4D-B007-649068B21C3D}.Release|Any CPU.Build.0 = Release|Any CPU
		{78E98845-4315-4AC5-BA5C-C88A42284143}.Debug|Any CPU.ActiveCfg = Debug|Any CPU
		{78E98845-4315-4AC5-BA5C-C88A42284143}.Debug|Any CPU.Build.0 = Debug|Any CPU
		{78E98845-4315-4AC5-BA5C-C88A42284143}.Release|Any CPU.ActiveCfg = Release|Any CPU
		{78E98845-4315-4AC5-BA5C-C88A42284143}.Release|Any CPU.Build.0 = Release|Any CPU
		{E4889288-301A-4024-8FFC-5A94F2E48DB7}.Debug|Any CPU.ActiveCfg = Debug|Any CPU
		{E4889288-301A-4024-8FFC-5A94F2E48DB7}.Debug|Any CPU.Build.0 = Debug|Any CPU
		{E4889288-301A-4024-8FFC-5A94F2E48DB7}.Release|Any CPU.ActiveCfg = Release|Any CPU
		{E4889288-301A-4024-8FFC-5A94F2E48DB7}.Release|Any CPU.Build.0 = Release|Any CPU
		{2FD932F4-FB09-4FBA-915A-971F5B40F3A0}.Debug|Any CPU.ActiveCfg = Debug|Any CPU
		{2FD932F4-FB09-4FBA-915A-971F5B40F3A0}.Debug|Any CPU.Build.0 = Debug|Any CPU
		{2FD932F4-FB09-4FBA-915A-971F5B40F3A0}.Release|Any CPU.ActiveCfg = Release|Any CPU
		{2FD932F4-FB09-4FBA-915A-971F5B40F3A0}.Release|Any CPU.Build.0 = Release|Any CPU
		{98042AA1-6D80-4F00-910D-45D9A2FD1207}.Debug|Any CPU.ActiveCfg = Debug|Any CPU
		{98042AA1-6D80-4F00-910D-45D9A2FD1207}.Debug|Any CPU.Build.0 = Debug|Any CPU
		{98042AA1-6D80-4F00-910D-45D9A2FD1207}.Release|Any CPU.ActiveCfg = Release|Any CPU
		{98042AA1-6D80-4F00-910D-45D9A2FD1207}.Release|Any CPU.Build.0 = Release|Any CPU
		{909F1FD9-4B15-4EA8-836D-E86C0B2E2242}.Debug|Any CPU.ActiveCfg = Debug|Any CPU
		{909F1FD9-4B15-4EA8-836D-E86C0B2E2242}.Debug|Any CPU.Build.0 = Debug|Any CPU
		{909F1FD9-4B15-4EA8-836D-E86C0B2E2242}.Release|Any CPU.ActiveCfg = Release|Any CPU
		{909F1FD9-4B15-4EA8-836D-E86C0B2E2242}.Release|Any CPU.Build.0 = Release|Any CPU
		{CFAB04D2-C88C-4BCF-88ED-C92EE0020701}.Debug|Any CPU.ActiveCfg = Debug|Any CPU
		{CFAB04D2-C88C-4BCF-88ED-C92EE0020701}.Debug|Any CPU.Build.0 = Debug|Any CPU
		{CFAB04D2-C88C-4BCF-88ED-C92EE0020701}.Release|Any CPU.ActiveCfg = Release|Any CPU
		{CFAB04D2-C88C-4BCF-88ED-C92EE0020701}.Release|Any CPU.Build.0 = Release|Any CPU
		{7745C851-42F4-4A6A-8AC1-C4AD0BDE54B9}.Debug|Any CPU.ActiveCfg = Debug|Any CPU
		{7745C851-42F4-4A6A-8AC1-C4AD0BDE54B9}.Debug|Any CPU.Build.0 = Debug|Any CPU
		{7745C851-42F4-4A6A-8AC1-C4AD0BDE54B9}.Release|Any CPU.ActiveCfg = Release|Any CPU
		{7745C851-42F4-4A6A-8AC1-C4AD0BDE54B9}.Release|Any CPU.Build.0 = Release|Any CPU
		{3CFAF011-D6D7-4B78-A304-81A80DBC7770}.Debug|Any CPU.ActiveCfg = Debug|Any CPU
		{3CFAF011-D6D7-4B78-A304-81A80DBC7770}.Debug|Any CPU.Build.0 = Debug|Any CPU
		{3CFAF011-D6D7-4B78-A304-81A80DBC7770}.Release|Any CPU.ActiveCfg = Release|Any CPU
		{3CFAF011-D6D7-4B78-A304-81A80DBC7770}.Release|Any CPU.Build.0 = Release|Any CPU
		{F9AEC57B-F3BA-456A-9547-1864FC62D110}.Debug|Any CPU.ActiveCfg = Debug|Any CPU
		{F9AEC57B-F3BA-456A-9547-1864FC62D110}.Debug|Any CPU.Build.0 = Debug|Any CPU
		{F9AEC57B-F3BA-456A-9547-1864FC62D110}.Release|Any CPU.ActiveCfg = Release|Any CPU
		{F9AEC57B-F3BA-456A-9547-1864FC62D110}.Release|Any CPU.Build.0 = Release|Any CPU
		{71CB59FB-20BE-460D-A477-8C540367A12F}.Debug|Any CPU.ActiveCfg = Debug|Any CPU
		{71CB59FB-20BE-460D-A477-8C540367A12F}.Debug|Any CPU.Build.0 = Debug|Any CPU
		{71CB59FB-20BE-460D-A477-8C540367A12F}.Release|Any CPU.ActiveCfg = Release|Any CPU
		{71CB59FB-20BE-460D-A477-8C540367A12F}.Release|Any CPU.Build.0 = Release|Any CPU
		{1694B772-96BB-473B-9071-BF61BFAD0CD5}.Debug|Any CPU.ActiveCfg = Debug|Any CPU
		{1694B772-96BB-473B-9071-BF61BFAD0CD5}.Debug|Any CPU.Build.0 = Debug|Any CPU
		{1694B772-96BB-473B-9071-BF61BFAD0CD5}.Release|Any CPU.ActiveCfg = Release|Any CPU
		{1694B772-96BB-473B-9071-BF61BFAD0CD5}.Release|Any CPU.Build.0 = Release|Any CPU
		{C13C3043-1A14-4C66-8522-0DC65158490B}.Debug|Any CPU.ActiveCfg = Debug|Any CPU
		{C13C3043-1A14-4C66-8522-0DC65158490B}.Debug|Any CPU.Build.0 = Debug|Any CPU
		{C13C3043-1A14-4C66-8522-0DC65158490B}.Release|Any CPU.ActiveCfg = Release|Any CPU
		{C13C3043-1A14-4C66-8522-0DC65158490B}.Release|Any CPU.Build.0 = Release|Any CPU
		{26E0F116-0439-4E7D-AA67-8D35F8DF9D6B}.Debug|Any CPU.ActiveCfg = Debug|Any CPU
		{26E0F116-0439-4E7D-AA67-8D35F8DF9D6B}.Debug|Any CPU.Build.0 = Debug|Any CPU
		{26E0F116-0439-4E7D-AA67-8D35F8DF9D6B}.Release|Any CPU.ActiveCfg = Release|Any CPU
		{26E0F116-0439-4E7D-AA67-8D35F8DF9D6B}.Release|Any CPU.Build.0 = Release|Any CPU
		{CBF3F65C-7D8C-4462-BD82-8A06E52FDEEF}.Debug|Any CPU.ActiveCfg = Debug|Any CPU
		{CBF3F65C-7D8C-4462-BD82-8A06E52FDEEF}.Debug|Any CPU.Build.0 = Debug|Any CPU
		{CBF3F65C-7D8C-4462-BD82-8A06E52FDEEF}.Release|Any CPU.ActiveCfg = Release|Any CPU
		{CBF3F65C-7D8C-4462-BD82-8A06E52FDEEF}.Release|Any CPU.Build.0 = Release|Any CPU
		{808ECD39-78C8-4959-A356-627D8CF20280}.Debug|Any CPU.ActiveCfg = Debug|Any CPU
		{808ECD39-78C8-4959-A356-627D8CF20280}.Debug|Any CPU.Build.0 = Debug|Any CPU
		{808ECD39-78C8-4959-A356-627D8CF20280}.Release|Any CPU.ActiveCfg = Release|Any CPU
		{808ECD39-78C8-4959-A356-627D8CF20280}.Release|Any CPU.Build.0 = Release|Any CPU
		{267F03CB-23DC-4C18-9A09-C4869D934DBF}.Debug|Any CPU.ActiveCfg = Debug|Any CPU
		{267F03CB-23DC-4C18-9A09-C4869D934DBF}.Debug|Any CPU.Build.0 = Debug|Any CPU
		{267F03CB-23DC-4C18-9A09-C4869D934DBF}.Release|Any CPU.ActiveCfg = Release|Any CPU
		{267F03CB-23DC-4C18-9A09-C4869D934DBF}.Release|Any CPU.Build.0 = Release|Any CPU
		{2D851692-29D1-4E98-9B7A-53249E91FB7E}.Debug|Any CPU.ActiveCfg = Debug|Any CPU
		{2D851692-29D1-4E98-9B7A-53249E91FB7E}.Debug|Any CPU.Build.0 = Debug|Any CPU
		{2D851692-29D1-4E98-9B7A-53249E91FB7E}.Release|Any CPU.ActiveCfg = Release|Any CPU
		{2D851692-29D1-4E98-9B7A-53249E91FB7E}.Release|Any CPU.Build.0 = Release|Any CPU
		{0A8CA212-9AD0-470F-BBBE-125B4956C68C}.Debug|Any CPU.ActiveCfg = Debug|Any CPU
		{0A8CA212-9AD0-470F-BBBE-125B4956C68C}.Debug|Any CPU.Build.0 = Debug|Any CPU
		{0A8CA212-9AD0-470F-BBBE-125B4956C68C}.Release|Any CPU.ActiveCfg = Release|Any CPU
		{0A8CA212-9AD0-470F-BBBE-125B4956C68C}.Release|Any CPU.Build.0 = Release|Any CPU
	EndGlobalSection
	GlobalSection(SolutionProperties) = preSolution
		HideSolutionNode = FALSE
	EndGlobalSection
	GlobalSection(NestedProjects) = preSolution
		{9FFC9C3D-5803-43D5-8D90-BE8AF97B061B} = {D974218E-82D0-4AB1-A247-9DD65749136D}
		{61EA8C5E-197C-4FDE-AD1A-75D417FB9839} = {D974218E-82D0-4AB1-A247-9DD65749136D}
		{EA5ADA5C-2129-4209-9DBE-5550710E8A2D} = {D974218E-82D0-4AB1-A247-9DD65749136D}
		{88FEDD8F-A2FD-4249-9BAE-8C1B2C819EBB} = {ABBC1AA0-E1CA-4187-BF19-878D85017A34}
		{1A513E49-33A4-4A0F-B58B-135A9A00D3F5} = {ABBC1AA0-E1CA-4187-BF19-878D85017A34}
		{363DC3C4-88AC-4F4D-B007-649068B21C3D} = {ABBC1AA0-E1CA-4187-BF19-878D85017A34}
		{78E98845-4315-4AC5-BA5C-C88A42284143} = {D4874E45-785C-4943-B947-434002972037}
		{E4889288-301A-4024-8FFC-5A94F2E48DB7} = {D4874E45-785C-4943-B947-434002972037}
		{2FD932F4-FB09-4FBA-915A-971F5B40F3A0} = {D4874E45-785C-4943-B947-434002972037}
		{98042AA1-6D80-4F00-910D-45D9A2FD1207} = {0E9A52AB-B8E0-4815-8326-D9D19FD1665B}
		{909F1FD9-4B15-4EA8-836D-E86C0B2E2242} = {0E9A52AB-B8E0-4815-8326-D9D19FD1665B}
		{CFAB04D2-C88C-4BCF-88ED-C92EE0020701} = {0E9A52AB-B8E0-4815-8326-D9D19FD1665B}
		{7745C851-42F4-4A6A-8AC1-C4AD0BDE54B9} = {AD461CF6-88BF-4069-9441-8A839E6EECB2}
		{3CFAF011-D6D7-4B78-A304-81A80DBC7770} = {AD461CF6-88BF-4069-9441-8A839E6EECB2}
		{F9AEC57B-F3BA-456A-9547-1864FC62D110} = {AD461CF6-88BF-4069-9441-8A839E6EECB2}
		{71CB59FB-20BE-460D-A477-8C540367A12F} = {24ACDAFD-7757-49BF-A106-29C2F5216CA2}
		{1694B772-96BB-473B-9071-BF61BFAD0CD5} = {24ACDAFD-7757-49BF-A106-29C2F5216CA2}
		{C13C3043-1A14-4C66-8522-0DC65158490B} = {24ACDAFD-7757-49BF-A106-29C2F5216CA2}
		{26E0F116-0439-4E7D-AA67-8D35F8DF9D6B} = {E57112C9-3AD3-44DC-A431-A50E5363B2CA}
		{CBF3F65C-7D8C-4462-BD82-8A06E52FDEEF} = {E57112C9-3AD3-44DC-A431-A50E5363B2CA}
		{808ECD39-78C8-4959-A356-627D8CF20280} = {E57112C9-3AD3-44DC-A431-A50E5363B2CA}
		{267F03CB-23DC-4C18-9A09-C4869D934DBF} = {2B44A560-4A2C-4FB2-8C87-C74EE65229E3}
		{2D851692-29D1-4E98-9B7A-53249E91FB7E} = {2B44A560-4A2C-4FB2-8C87-C74EE65229E3}
		{0A8CA212-9AD0-470F-BBBE-125B4956C68C} = {2B44A560-4A2C-4FB2-8C87-C74EE65229E3}
	EndGlobalSection
	GlobalSection(ExtensibilityGlobals) = postSolution
		SolutionGuid = {176E935C-A3A9-4710-A42C-14314890DE2E}
	EndGlobalSection
EndGlobal
